
Microsoft Visual Studio Solution File, Format Version 12.00
# Visual Studio Version 17
VisualStudioVersion = 17.10.35027.167
MinimumVisualStudioVersion = 10.0.40219.1
Project("{9A19103F-16F7-4668-BE54-9A1E7A4F7556}") = "XTC-00 Url Fuzzer", "Kim URL FUZZER\XTC-00 Url Fuzzer.csproj", "{E79EB8FD-49B9-4723-93E6-20D8ED63E165}"
EndProject
Global
	GlobalSection(SolutionConfigurationPlatforms) = preSolution
		Debug|Any CPU = Debug|Any CPU
		Release|Any CPU = Release|Any CPU
	EndGlobalSection
	GlobalSection(ProjectConfigurationPlatforms) = postSolution
		{E79EB8FD-49B9-4723-93E6-20D8ED63E165}.Debug|Any CPU.ActiveCfg = Debug|Any CPU
		{E79EB8FD-49B9-4723-93E6-20D8ED63E165}.Debug|Any CPU.Build.0 = Debug|Any CPU
		{E79EB8FD-49B9-4723-93E6-20D8ED63E165}.Release|Any CPU.ActiveCfg = Release|Any CPU
		{E79EB8FD-49B9-4723-93E6-20D8ED63E165}.Release|Any CPU.Build.0 = Release|Any CPU
	EndGlobalSection
	GlobalSection(SolutionProperties) = preSolution
		HideSolutionNode = FALSE
	EndGlobalSection
	GlobalSection(ExtensibilityGlobals) = postSolution
		SolutionGuid = {79D0E263-70A6-4681-B086-926E2D5755D5}
	EndGlobalSection
EndGlobal
